
Microsoft Visual Studio Solution File, Format Version 12.00
# Visual Studio Version 16
VisualStudioVersion = 16.0.31729.503
MinimumVisualStudioVersion = 10.0.40219.1
Project("{FAE04EC0-301F-11D3-BF4B-00C04F79EFBC}") = "Web", "Web\Web.csproj", "{EB5B9CEA-5523-49CA-B67E-9A60C9181BBA}"
EndProject
Global
	GlobalSection(SolutionConfigurationPlatforms) = preSolution
		Debug|Any CPU = Debug|Any CPU
		Release|Any CPU = Release|Any CPU
	EndGlobalSection
	GlobalSection(ProjectConfigurationPlatforms) = postSolution
		{EB5B9CEA-5523-49CA-B67E-9A60C9181BBA}.Debug|Any CPU.ActiveCfg = Debug|Any CPU
		{EB5B9CEA-5523-49CA-B67E-9A60C9181BBA}.Debug|Any CPU.Build.0 = Debug|Any CPU
		{EB5B9CEA-5523-49CA-B67E-9A60C9181BBA}.Release|Any CPU.ActiveCfg = Release|Any CPU
		{EB5B9CEA-5523-49CA-B67E-9A60C9181BBA}.Release|Any CPU.Build.0 = Release|Any CPU
	EndGlobalSection
	GlobalSection(SolutionProperties) = preSolution
		HideSolutionNode = FALSE
	EndGlobalSection
	GlobalSection(ExtensibilityGlobals) = postSolution
		SolutionGuid = {65F5DDE1-F5DA-49E9-B416-BA17C685B43B}
	EndGlobalSection
EndGlobal
